// !$*UTF8*$!
{
	archiveVersion = 1;
	classes = {
	};
	objectVersion = 46;
	objects = {

/* Begin PBXBuildFile section */
		1D60589F0D05DD5A006BFB54 /* Foundation.framework in Frameworks */ = {isa = PBXBuildFile; fileRef = 1D30AB110D05D00D00671497 /* Foundation.framework */; };
		1DF5F4E00D08C38300B7A737 /* UIKit.framework in Frameworks */ = {isa = PBXBuildFile; fileRef = 1DF5F4DF0D08C38300B7A737 /* UIKit.framework */; };
		288765A50DF7441C002DB57D /* CoreGraphics.framework in Frameworks */ = {isa = PBXBuildFile; fileRef = 288765A40DF7441C002DB57D /* CoreGraphics.framework */; };
		2899E5220DE3E06400AC0155 /* SearchSeries.xib in Resources */ = {isa = PBXBuildFile; fileRef = 2899E5210DE3E06400AC0155 /* SearchSeries.xib */; };
		28AD733F0D9D9553002E5188 /* MainWindow.xib in Resources */ = {isa = PBXBuildFile; fileRef = 28AD733E0D9D9553002E5188 /* MainWindow.xib */; };
		AA4ED15313D0670B007D07F5 /* WatchedStateDocument.m in Sources */ = {isa = PBXBuildFile; fileRef = AA4ED15213D0670B007D07F5 /* WatchedStateDocument.m */; };
		AAB1059413D587E900683DC4 /* CommunicationManager.m in Sources */ = {isa = PBXBuildFile; fileRef = AAB1059313D587E900683DC4 /* CommunicationManager.m */; };
		AAB1059613D5993500683DC4 /* MessagePopupView.xib in Resources */ = {isa = PBXBuildFile; fileRef = AAB1059513D5993500683DC4 /* MessagePopupView.xib */; };
		AAB1059C13D59AC300683DC4 /* MessagePopupView.m in Sources */ = {isa = PBXBuildFile; fileRef = AAB1059B13D59AC200683DC4 /* MessagePopupView.m */; };
		EF12EFA112EC90C2007E380E /* SeriesBannerLoader.m in Sources */ = {isa = PBXBuildFile; fileRef = EF12EFA012EC90C2007E380E /* SeriesBannerLoader.m */; };
		EF2AD7FB13327AD500585E3A /* EpisodesLoader.m in Sources */ = {isa = PBXBuildFile; fileRef = EF2AD7FA13327AD400585E3A /* EpisodesLoader.m */; };
		EF2AD7FE1332800A00585E3A /* EpisodesListViewController.m in Sources */ = {isa = PBXBuildFile; fileRef = EF2AD7FD1332800A00585E3A /* EpisodesListViewController.m */; };
		EF3555E113D3503A00456DBD /* Find@2x.png in Resources */ = {isa = PBXBuildFile; fileRef = EF3555E013D3503A00456DBD /* Find@2x.png */; };
		EF36EDCB13BA37E000AEABC1 /* ProtocolBuffersFetcher.m in Sources */ = {isa = PBXBuildFile; fileRef = EF36EDCA13BA37E000AEABC1 /* ProtocolBuffersFetcher.m */; };
		EF36EDD113BA496D00AEABC1 /* AbstractLoader.m in Sources */ = {isa = PBXBuildFile; fileRef = EF36EDD013BA496D00AEABC1 /* AbstractLoader.m */; };
		EF36EDD313BA579200AEABC1 /* SearchLoader.m in Sources */ = {isa = PBXBuildFile; fileRef = EF36EDD213BA579200AEABC1 /* SearchLoader.m */; };
		EF4AD01D12EA22A60058F78E /* SeriesDetailViewController.m in Sources */ = {isa = PBXBuildFile; fileRef = EF4AD01B12EA22A60058F78E /* SeriesDetailViewController.m */; };
		EF4AD01E12EA22A60058F78E /* SeriesDetail.xib in Resources */ = {isa = PBXBuildFile; fileRef = EF4AD01C12EA22A60058F78E /* SeriesDetail.xib */; };
		EF4AD02612EA23BD0058F78E /* SeriesLoader.m in Sources */ = {isa = PBXBuildFile; fileRef = EF4AD02512EA23BD0058F78E /* SeriesLoader.m */; };
		EF4AD02912EA23F10058F78E /* GetSeries.pb.m in Sources */ = {isa = PBXBuildFile; fileRef = EF4AD02812EA23F10058F78E /* GetSeries.pb.m */; };
		EF5AA29313D5E32A00F6FBCF /* EpisodesModel.m in Sources */ = {isa = PBXBuildFile; fileRef = EF5AA29213D5E32A00F6FBCF /* EpisodesModel.m */; };
		EF5AA2A213D5F21B00F6FBCF /* ProtocolCategories.m in Sources */ = {isa = PBXBuildFile; fileRef = EF5AA2A113D5F21B00F6FBCF /* ProtocolCategories.m */; };
		EF8D76F012D8DEDA0064C5B5 /* main.m in Sources */ = {isa = PBXBuildFile; fileRef = EF8D76EA12D8DEDA0064C5B5 /* main.m */; };
		EF8D76F112D8DEDA0064C5B5 /* WatchedEpisodesAppDelegate.m in Sources */ = {isa = PBXBuildFile; fileRef = EF8D76ED12D8DEDA0064C5B5 /* WatchedEpisodesAppDelegate.m */; };
		EF8D76F212D8DEDA0064C5B5 /* SearchSeriesViewController.m in Sources */ = {isa = PBXBuildFile; fileRef = EF8D76EF12D8DEDA0064C5B5 /* SearchSeriesViewController.m */; };
		EF8D78B912D933500064C5B5 /* NSString+URLEncoding.m in Sources */ = {isa = PBXBuildFile; fileRef = EF8D786012D933500064C5B5 /* NSString+URLEncoding.m */; };
		EF8D790512D933AB0064C5B5 /* SearchSeries.pb.m in Sources */ = {isa = PBXBuildFile; fileRef = EF8D790412D933AB0064C5B5 /* SearchSeries.pb.m */; };
		EF8D790E12D934030064C5B5 /* libProtocolBuffers.a in Frameworks */ = {isa = PBXBuildFile; fileRef = EF8D78F812D933800064C5B5 /* libProtocolBuffers.a */; };
		EF8D793512D9F9AA0064C5B5 /* Constants.m in Sources */ = {isa = PBXBuildFile; fileRef = EF8D793412D9F9AA0064C5B5 /* Constants.m */; };
		EF8D79D412DA087D0064C5B5 /* ServiceLocator.m in Sources */ = {isa = PBXBuildFile; fileRef = EF8D79D312DA087D0064C5B5 /* ServiceLocator.m */; };
		EF96D38B1493BDBF0060BD13 /* LastWatchedEpisodeViewController.m in Sources */ = {isa = PBXBuildFile; fileRef = EF96D3891493BDBF0060BD13 /* LastWatchedEpisodeViewController.m */; };
		EF96D38C1493BDBF0060BD13 /* LastWatchedEpisode.xib in Resources */ = {isa = PBXBuildFile; fileRef = EF96D38A1493BDBF0060BD13 /* LastWatchedEpisode.xib */; };
		EFA0351713D9AB62004EB261 /* SeriesCell.xib in Resources */ = {isa = PBXBuildFile; fileRef = EFA0351613D9AB62004EB261 /* SeriesCell.xib */; };
		EFA0351A13D9ABF1004EB261 /* SeriesCell.m in Sources */ = {isa = PBXBuildFile; fileRef = EFA0351913D9ABF1004EB261 /* SeriesCell.m */; };
		EFFD078F12F0BE1E00F9075B /* FavoritesViewController.m in Sources */ = {isa = PBXBuildFile; fileRef = EFFD078E12F0BE1E00F9075B /* FavoritesViewController.m */; };
		EFFD079512F0BE7A00F9075B /* NavigationControllerTab.m in Sources */ = {isa = PBXBuildFile; fileRef = EFFD079412F0BE7A00F9075B /* NavigationControllerTab.m */; };
		EFFD085312F0C8FA00F9075B /* FavoritesManager.m in Sources */ = {isa = PBXBuildFile; fileRef = EFFD085212F0C8FA00F9075B /* FavoritesManager.m */; };
		EFFD08B512F21BBC00F9075B /* GetAllEpisodes.pb.m in Sources */ = {isa = PBXBuildFile; fileRef = EFFD08B212F21BBC00F9075B /* GetAllEpisodes.pb.m */; };
		EFFD08B612F21BBC00F9075B /* ProtocolTypes.pb.m in Sources */ = {isa = PBXBuildFile; fileRef = EFFD08B412F21BBC00F9075B /* ProtocolTypes.pb.m */; };
		EFFD093512F22BE700F9075B /* FileHelper.m in Sources */ = {isa = PBXBuildFile; fileRef = EFFD093412F22BE700F9075B /* FileHelper.m */; };
		EFFD0AEE12F5D2E400F9075B /* Find.png in Resources */ = {isa = PBXBuildFile; fileRef = EFFD0AED12F5D2E400F9075B /* Find.png */; };
		EFFD0B0712F5D46900F9075B /* Heart@2x.png in Resources */ = {isa = PBXBuildFile; fileRef = EFFD0B0612F5D46900F9075B /* Heart@2x.png */; };
		EFFD0B0912F5D47F00F9075B /* Heart.png in Resources */ = {isa = PBXBuildFile; fileRef = EFFD0B0812F5D47F00F9075B /* Heart.png */; };
		EFFD0B1912F5D4F700F9075B /* HeartAlt.png in Resources */ = {isa = PBXBuildFile; fileRef = EFFD0B1812F5D4F700F9075B /* HeartAlt.png */; };
		EFFD0B1B12F5D50D00F9075B /* HeartAlt@2x.png in Resources */ = {isa = PBXBuildFile; fileRef = EFFD0B1A12F5D50D00F9075B /* HeartAlt@2x.png */; };
		EFFD259E13C236900051628A /* WatchedManager.m in Sources */ = {isa = PBXBuildFile; fileRef = EFFD259D13C236900051628A /* WatchedManager.m */; };
/* End PBXBuildFile section */

/* Begin PBXContainerItemProxy section */
		EF8D78F712D933800064C5B5 /* PBXContainerItemProxy */ = {
			isa = PBXContainerItemProxy;
			containerPortal = EF8D78EE12D933800064C5B5 /* ProtocolBuffers.xcodeproj */;
			proxyType = 2;
			remoteGlobalIDString = 7461B52E0F94FAF800A0C422;
			remoteInfo = ProtocolBuffers;
		};
		EF8D78F912D933800064C5B5 /* PBXContainerItemProxy */ = {
			isa = PBXContainerItemProxy;
			containerPortal = EF8D78EE12D933800064C5B5 /* ProtocolBuffers.xcodeproj */;
			proxyType = 2;
			remoteGlobalIDString = 7401C1A80F950347006D8281;
			remoteInfo = UnitTests;
		};
		EF8D78FB12D933800064C5B5 /* PBXContainerItemProxy */ = {
			isa = PBXContainerItemProxy;
			containerPortal = EF8D78EE12D933800064C5B5 /* ProtocolBuffers.xcodeproj */;
			proxyType = 2;
			remoteGlobalIDString = 748F14580FD75E3B000858A9;
			remoteInfo = CommandLineTests;
		};
		EF8D790C12D933F90064C5B5 /* PBXContainerItemProxy */ = {
			isa = PBXContainerItemProxy;
			containerPortal = EF8D78EE12D933800064C5B5 /* ProtocolBuffers.xcodeproj */;
			proxyType = 1;
			remoteGlobalIDString = 7461B52D0F94FAF800A0C422;
			remoteInfo = ProtocolBuffers;
		};
/* End PBXContainerItemProxy section */

/* Begin PBXFileReference section */
		1D30AB110D05D00D00671497 /* Foundation.framework */ = {isa = PBXFileReference; lastKnownFileType = wrapper.framework; name = Foundation.framework; path = System/Library/Frameworks/Foundation.framework; sourceTree = SDKROOT; };
		1D6058910D05DD3D006BFB54 /* Watched.app */ = {isa = PBXFileReference; explicitFileType = wrapper.application; includeInIndex = 0; path = Watched.app; sourceTree = BUILT_PRODUCTS_DIR; };
		1DF5F4DF0D08C38300B7A737 /* UIKit.framework */ = {isa = PBXFileReference; lastKnownFileType = wrapper.framework; name = UIKit.framework; path = System/Library/Frameworks/UIKit.framework; sourceTree = SDKROOT; };
		288765A40DF7441C002DB57D /* CoreGraphics.framework */ = {isa = PBXFileReference; lastKnownFileType = wrapper.framework; name = CoreGraphics.framework; path = System/Library/Frameworks/CoreGraphics.framework; sourceTree = SDKROOT; };
		2899E5210DE3E06400AC0155 /* SearchSeries.xib */ = {isa = PBXFileReference; lastKnownFileType = file.xib; path = SearchSeries.xib; sourceTree = "<group>"; };
		28AD733E0D9D9553002E5188 /* MainWindow.xib */ = {isa = PBXFileReference; lastKnownFileType = file.xib; path = MainWindow.xib; sourceTree = "<group>"; };
		8D1107310486CEB800E47090 /* WatchedEpisodes-Info.plist */ = {isa = PBXFileReference; fileEncoding = 4; lastKnownFileType = text.plist.xml; path = "WatchedEpisodes-Info.plist"; plistStructureDefinitionIdentifier = "com.apple.xcode.plist.structure-definition.iphone.info-plist"; sourceTree = "<group>"; };
		AA4ED15113D0670B007D07F5 /* WatchedStateDocument.h */ = {isa = PBXFileReference; fileEncoding = 4; lastKnownFileType = sourcecode.c.h; path = WatchedStateDocument.h; sourceTree = "<group>"; };
		AA4ED15213D0670B007D07F5 /* WatchedStateDocument.m */ = {isa = PBXFileReference; fileEncoding = 4; lastKnownFileType = sourcecode.c.objc; path = WatchedStateDocument.m; sourceTree = "<group>"; };
		AAB1059213D587E900683DC4 /* CommunicationManager.h */ = {isa = PBXFileReference; fileEncoding = 4; lastKnownFileType = sourcecode.c.h; path = CommunicationManager.h; sourceTree = "<group>"; };
		AAB1059313D587E900683DC4 /* CommunicationManager.m */ = {isa = PBXFileReference; fileEncoding = 4; lastKnownFileType = sourcecode.c.objc; path = CommunicationManager.m; sourceTree = "<group>"; };
		AAB1059513D5993500683DC4 /* MessagePopupView.xib */ = {isa = PBXFileReference; fileEncoding = 4; lastKnownFileType = file.xib; path = MessagePopupView.xib; sourceTree = "<group>"; };
		AAB1059A13D59AC200683DC4 /* MessagePopupView.h */ = {isa = PBXFileReference; fileEncoding = 4; lastKnownFileType = sourcecode.c.h; path = MessagePopupView.h; sourceTree = "<group>"; };
		AAB1059B13D59AC200683DC4 /* MessagePopupView.m */ = {isa = PBXFileReference; fileEncoding = 4; lastKnownFileType = sourcecode.c.objc; path = MessagePopupView.m; sourceTree = "<group>"; };
		EF12EF9F12EC90C2007E380E /* SeriesBannerLoader.h */ = {isa = PBXFileReference; fileEncoding = 4; lastKnownFileType = sourcecode.c.h; path = SeriesBannerLoader.h; sourceTree = "<group>"; };
		EF12EFA012EC90C2007E380E /* SeriesBannerLoader.m */ = {isa = PBXFileReference; fileEncoding = 4; lastKnownFileType = sourcecode.c.objc; path = SeriesBannerLoader.m; sourceTree = "<group>"; };
		EF2AD7F913327AD300585E3A /* EpisodesLoader.h */ = {isa = PBXFileReference; fileEncoding = 4; lastKnownFileType = sourcecode.c.h; lineEnding = 0; path = EpisodesLoader.h; sourceTree = "<group>"; xcLanguageSpecificationIdentifier = xcode.lang.objcpp; };
		EF2AD7FA13327AD400585E3A /* EpisodesLoader.m */ = {isa = PBXFileReference; fileEncoding = 4; lastKnownFileType = sourcecode.c.objc; lineEnding = 0; path = EpisodesLoader.m; sourceTree = "<group>"; xcLanguageSpecificationIdentifier = xcode.lang.objc; };
		EF2AD7FC1332800A00585E3A /* EpisodesListViewController.h */ = {isa = PBXFileReference; fileEncoding = 4; lastKnownFileType = sourcecode.c.h; lineEnding = 0; path = EpisodesListViewController.h; sourceTree = "<group>"; xcLanguageSpecificationIdentifier = xcode.lang.objcpp; };
		EF2AD7FD1332800A00585E3A /* EpisodesListViewController.m */ = {isa = PBXFileReference; fileEncoding = 4; lastKnownFileType = sourcecode.c.objc; lineEnding = 0; path = EpisodesListViewController.m; sourceTree = "<group>"; xcLanguageSpecificationIdentifier = xcode.lang.objc; };
		EF3555E013D3503A00456DBD /* Find@2x.png */ = {isa = PBXFileReference; lastKnownFileType = image.png; path = "Find@2x.png"; sourceTree = "<group>"; };
		EF36EDC913BA37E000AEABC1 /* ProtocolBuffersFetcher.h */ = {isa = PBXFileReference; fileEncoding = 4; lastKnownFileType = sourcecode.c.h; path = ProtocolBuffersFetcher.h; sourceTree = "<group>"; };
		EF36EDCA13BA37E000AEABC1 /* ProtocolBuffersFetcher.m */ = {isa = PBXFileReference; fileEncoding = 4; lastKnownFileType = sourcecode.c.objc; path = ProtocolBuffersFetcher.m; sourceTree = "<group>"; };
		EF36EDCF13BA496D00AEABC1 /* AbstractLoader.h */ = {isa = PBXFileReference; fileEncoding = 4; lastKnownFileType = sourcecode.c.h; lineEnding = 0; path = AbstractLoader.h; sourceTree = "<group>"; xcLanguageSpecificationIdentifier = xcode.lang.objcpp; };
		EF36EDD013BA496D00AEABC1 /* AbstractLoader.m */ = {isa = PBXFileReference; fileEncoding = 4; lastKnownFileType = sourcecode.c.objc; lineEnding = 0; path = AbstractLoader.m; sourceTree = "<group>"; xcLanguageSpecificationIdentifier = xcode.lang.objc; };
		EF36EDD213BA579200AEABC1 /* SearchLoader.m */ = {isa = PBXFileReference; fileEncoding = 4; lastKnownFileType = sourcecode.c.objc; path = SearchLoader.m; sourceTree = "<group>"; };
		EF4AD01A12EA22A60058F78E /* SeriesDetailViewController.h */ = {isa = PBXFileReference; fileEncoding = 4; lastKnownFileType = sourcecode.c.h; path = SeriesDetailViewController.h; sourceTree = "<group>"; };
		EF4AD01B12EA22A60058F78E /* SeriesDetailViewController.m */ = {isa = PBXFileReference; fileEncoding = 4; lastKnownFileType = sourcecode.c.objc; path = SeriesDetailViewController.m; sourceTree = "<group>"; };
		EF4AD01C12EA22A60058F78E /* SeriesDetail.xib */ = {isa = PBXFileReference; lastKnownFileType = file.xib; path = SeriesDetail.xib; sourceTree = "<group>"; };
		EF4AD02412EA23BD0058F78E /* SeriesLoader.h */ = {isa = PBXFileReference; fileEncoding = 4; lastKnownFileType = sourcecode.c.h; path = SeriesLoader.h; sourceTree = "<group>"; };
		EF4AD02512EA23BD0058F78E /* SeriesLoader.m */ = {isa = PBXFileReference; fileEncoding = 4; lastKnownFileType = sourcecode.c.objc; path = SeriesLoader.m; sourceTree = "<group>"; };
		EF4AD02712EA23F10058F78E /* GetSeries.pb.h */ = {isa = PBXFileReference; fileEncoding = 4; lastKnownFileType = sourcecode.c.h; path = GetSeries.pb.h; sourceTree = "<group>"; };
		EF4AD02812EA23F10058F78E /* GetSeries.pb.m */ = {isa = PBXFileReference; fileEncoding = 4; lastKnownFileType = sourcecode.c.objc; path = GetSeries.pb.m; sourceTree = "<group>"; };
		EF5AA29113D5E32A00F6FBCF /* EpisodesModel.h */ = {isa = PBXFileReference; fileEncoding = 4; lastKnownFileType = sourcecode.c.h; path = EpisodesModel.h; sourceTree = "<group>"; };
		EF5AA29213D5E32A00F6FBCF /* EpisodesModel.m */ = {isa = PBXFileReference; fileEncoding = 4; lastKnownFileType = sourcecode.c.objc; path = EpisodesModel.m; sourceTree = "<group>"; };
		EF5AA2A013D5F21B00F6FBCF /* ProtocolCategories.h */ = {isa = PBXFileReference; fileEncoding = 4; lastKnownFileType = sourcecode.c.h; path = ProtocolCategories.h; sourceTree = "<group>"; };
		EF5AA2A113D5F21B00F6FBCF /* ProtocolCategories.m */ = {isa = PBXFileReference; fileEncoding = 4; lastKnownFileType = sourcecode.c.objc; path = ProtocolCategories.m; sourceTree = "<group>"; };
		EF8D76EA12D8DEDA0064C5B5 /* main.m */ = {isa = PBXFileReference; fileEncoding = 4; lastKnownFileType = sourcecode.c.objc; path = main.m; sourceTree = "<group>"; };
		EF8D76EB12D8DEDA0064C5B5 /* WatchedEpisodes_Prefix.pch */ = {isa = PBXFileReference; fileEncoding = 4; lastKnownFileType = sourcecode.c.h; path = WatchedEpisodes_Prefix.pch; sourceTree = "<group>"; };
		EF8D76EC12D8DEDA0064C5B5 /* WatchedEpisodesAppDelegate.h */ = {isa = PBXFileReference; fileEncoding = 4; lastKnownFileType = sourcecode.c.h; path = WatchedEpisodesAppDelegate.h; sourceTree = "<group>"; };
		EF8D76ED12D8DEDA0064C5B5 /* WatchedEpisodesAppDelegate.m */ = {isa = PBXFileReference; fileEncoding = 4; lastKnownFileType = sourcecode.c.objc; path = WatchedEpisodesAppDelegate.m; sourceTree = "<group>"; };
		EF8D76EE12D8DEDA0064C5B5 /* SearchSeriesViewController.h */ = {isa = PBXFileReference; fileEncoding = 4; lastKnownFileType = sourcecode.c.h; path = SearchSeriesViewController.h; sourceTree = "<group>"; };
		EF8D76EF12D8DEDA0064C5B5 /* SearchSeriesViewController.m */ = {isa = PBXFileReference; fileEncoding = 4; lastKnownFileType = sourcecode.c.objc; path = SearchSeriesViewController.m; sourceTree = "<group>"; };
		EF8D785F12D933500064C5B5 /* NSString+URLEncoding.h */ = {isa = PBXFileReference; fileEncoding = 4; lastKnownFileType = sourcecode.c.h; path = "NSString+URLEncoding.h"; sourceTree = "<group>"; };
		EF8D786012D933500064C5B5 /* NSString+URLEncoding.m */ = {isa = PBXFileReference; fileEncoding = 4; lastKnownFileType = sourcecode.c.objc; path = "NSString+URLEncoding.m"; sourceTree = "<group>"; };
		EF8D78EE12D933800064C5B5 /* ProtocolBuffers.xcodeproj */ = {isa = PBXFileReference; lastKnownFileType = "wrapper.pb-project"; name = ProtocolBuffers.xcodeproj; path = protobuf/ProtocolBuffers.xcodeproj; sourceTree = "<group>"; };
		EF8D78FD12D933920064C5B5 /* ProtocolBuffers.h */ = {isa = PBXFileReference; fileEncoding = 4; lastKnownFileType = sourcecode.c.h; name = ProtocolBuffers.h; path = protobuf/Classes/ProtocolBuffers.h; sourceTree = "<group>"; };
		EF8D790312D933AB0064C5B5 /* SearchSeries.pb.h */ = {isa = PBXFileReference; fileEncoding = 4; lastKnownFileType = sourcecode.c.h; path = SearchSeries.pb.h; sourceTree = "<group>"; };
		EF8D790412D933AB0064C5B5 /* SearchSeries.pb.m */ = {isa = PBXFileReference; fileEncoding = 4; lastKnownFileType = sourcecode.c.objc; path = SearchSeries.pb.m; sourceTree = "<group>"; };
		EF8D793312D9F9AA0064C5B5 /* Constants.h */ = {isa = PBXFileReference; fileEncoding = 4; lastKnownFileType = sourcecode.c.h; path = Constants.h; sourceTree = "<group>"; };
		EF8D793412D9F9AA0064C5B5 /* Constants.m */ = {isa = PBXFileReference; fileEncoding = 4; lastKnownFileType = sourcecode.c.objc; path = Constants.m; sourceTree = "<group>"; };
		EF8D79D212DA087D0064C5B5 /* ServiceLocator.h */ = {isa = PBXFileReference; fileEncoding = 4; lastKnownFileType = sourcecode.c.h; path = ServiceLocator.h; sourceTree = "<group>"; };
		EF8D79D312DA087D0064C5B5 /* ServiceLocator.m */ = {isa = PBXFileReference; fileEncoding = 4; lastKnownFileType = sourcecode.c.objc; path = ServiceLocator.m; sourceTree = "<group>"; };
		EF8D79D512DA09530064C5B5 /* SynthesizeSingleton.h */ = {isa = PBXFileReference; fileEncoding = 4; lastKnownFileType = sourcecode.c.h; path = SynthesizeSingleton.h; sourceTree = "<group>"; };
		EF8D79EE12DA0C380064C5B5 /* SearchLoader.h */ = {isa = PBXFileReference; fileEncoding = 4; lastKnownFileType = sourcecode.c.h; path = SearchLoader.h; sourceTree = "<group>"; };
		EF96D3881493BDBF0060BD13 /* LastWatchedEpisodeViewController.h */ = {isa = PBXFileReference; fileEncoding = 4; lastKnownFileType = sourcecode.c.h; path = LastWatchedEpisodeViewController.h; sourceTree = "<group>"; };
		EF96D3891493BDBF0060BD13 /* LastWatchedEpisodeViewController.m */ = {isa = PBXFileReference; fileEncoding = 4; lastKnownFileType = sourcecode.c.objc; path = LastWatchedEpisodeViewController.m; sourceTree = "<group>"; };
		EF96D38A1493BDBF0060BD13 /* LastWatchedEpisode.xib */ = {isa = PBXFileReference; fileEncoding = 4; lastKnownFileType = file.xib; name = LastWatchedEpisode.xib; path = Source/LastWatchedEpisode.xib; sourceTree = "<group>"; };
		EFA0351613D9AB62004EB261 /* SeriesCell.xib */ = {isa = PBXFileReference; fileEncoding = 4; lastKnownFileType = file.xib; path = SeriesCell.xib; sourceTree = "<group>"; };
		EFA0351813D9ABF1004EB261 /* SeriesCell.h */ = {isa = PBXFileReference; fileEncoding = 4; lastKnownFileType = sourcecode.c.h; path = SeriesCell.h; sourceTree = "<group>"; };
		EFA0351913D9ABF1004EB261 /* SeriesCell.m */ = {isa = PBXFileReference; fileEncoding = 4; lastKnownFileType = sourcecode.c.objc; path = SeriesCell.m; sourceTree = "<group>"; };
		EFFD078D12F0BE1E00F9075B /* FavoritesViewController.h */ = {isa = PBXFileReference; fileEncoding = 4; lastKnownFileType = sourcecode.c.h; path = FavoritesViewController.h; sourceTree = "<group>"; };
		EFFD078E12F0BE1E00F9075B /* FavoritesViewController.m */ = {isa = PBXFileReference; fileEncoding = 4; lastKnownFileType = sourcecode.c.objc; path = FavoritesViewController.m; sourceTree = "<group>"; };
		EFFD079312F0BE7A00F9075B /* NavigationControllerTab.h */ = {isa = PBXFileReference; fileEncoding = 4; lastKnownFileType = sourcecode.c.h; path = NavigationControllerTab.h; sourceTree = "<group>"; };
		EFFD079412F0BE7A00F9075B /* NavigationControllerTab.m */ = {isa = PBXFileReference; fileEncoding = 4; lastKnownFileType = sourcecode.c.objc; path = NavigationControllerTab.m; sourceTree = "<group>"; };
		EFFD085112F0C8FA00F9075B /* FavoritesManager.h */ = {isa = PBXFileReference; fileEncoding = 4; lastKnownFileType = sourcecode.c.h; path = FavoritesManager.h; sourceTree = "<group>"; };
		EFFD085212F0C8FA00F9075B /* FavoritesManager.m */ = {isa = PBXFileReference; fileEncoding = 4; lastKnownFileType = sourcecode.c.objc; path = FavoritesManager.m; sourceTree = "<group>"; };
		EFFD08B112F21BBC00F9075B /* GetAllEpisodes.pb.h */ = {isa = PBXFileReference; fileEncoding = 4; lastKnownFileType = sourcecode.c.h; path = GetAllEpisodes.pb.h; sourceTree = "<group>"; };
		EFFD08B212F21BBC00F9075B /* GetAllEpisodes.pb.m */ = {isa = PBXFileReference; fileEncoding = 4; lastKnownFileType = sourcecode.c.objc; path = GetAllEpisodes.pb.m; sourceTree = "<group>"; };
		EFFD08B312F21BBC00F9075B /* ProtocolTypes.pb.h */ = {isa = PBXFileReference; fileEncoding = 4; lastKnownFileType = sourcecode.c.h; path = ProtocolTypes.pb.h; sourceTree = "<group>"; };
		EFFD08B412F21BBC00F9075B /* ProtocolTypes.pb.m */ = {isa = PBXFileReference; fileEncoding = 4; lastKnownFileType = sourcecode.c.objc; path = ProtocolTypes.pb.m; sourceTree = "<group>"; };
		EFFD093312F22BE700F9075B /* FileHelper.h */ = {isa = PBXFileReference; fileEncoding = 4; lastKnownFileType = sourcecode.c.h; path = FileHelper.h; sourceTree = "<group>"; };
		EFFD093412F22BE700F9075B /* FileHelper.m */ = {isa = PBXFileReference; fileEncoding = 4; lastKnownFileType = sourcecode.c.objc; path = FileHelper.m; sourceTree = "<group>"; };
		EFFD0AED12F5D2E400F9075B /* Find.png */ = {isa = PBXFileReference; lastKnownFileType = image.png; path = Find.png; sourceTree = "<group>"; };
		EFFD0B0612F5D46900F9075B /* Heart@2x.png */ = {isa = PBXFileReference; lastKnownFileType = image.png; path = "Heart@2x.png"; sourceTree = "<group>"; };
		EFFD0B0812F5D47F00F9075B /* Heart.png */ = {isa = PBXFileReference; lastKnownFileType = image.png; path = Heart.png; sourceTree = "<group>"; };
		EFFD0B1812F5D4F700F9075B /* HeartAlt.png */ = {isa = PBXFileReference; lastKnownFileType = image.png; path = HeartAlt.png; sourceTree = "<group>"; };
		EFFD0B1A12F5D50D00F9075B /* HeartAlt@2x.png */ = {isa = PBXFileReference; lastKnownFileType = image.png; path = "HeartAlt@2x.png"; sourceTree = "<group>"; };
		EFFD259C13C236900051628A /* WatchedManager.h */ = {isa = PBXFileReference; fileEncoding = 4; lastKnownFileType = sourcecode.c.h; path = WatchedManager.h; sourceTree = "<group>"; };
		EFFD259D13C236900051628A /* WatchedManager.m */ = {isa = PBXFileReference; fileEncoding = 4; lastKnownFileType = sourcecode.c.objc; path = WatchedManager.m; sourceTree = "<group>"; };
/* End PBXFileReference section */

/* Begin PBXFrameworksBuildPhase section */
		1D60588F0D05DD3D006BFB54 /* Frameworks */ = {
			isa = PBXFrameworksBuildPhase;
			buildActionMask = 2147483647;
			files = (
				EF8D790E12D934030064C5B5 /* libProtocolBuffers.a in Frameworks */,
				1D60589F0D05DD5A006BFB54 /* Foundation.framework in Frameworks */,
				1DF5F4E00D08C38300B7A737 /* UIKit.framework in Frameworks */,
				288765A50DF7441C002DB57D /* CoreGraphics.framework in Frameworks */,
			);
			runOnlyForDeploymentPostprocessing = 0;
		};
/* End PBXFrameworksBuildPhase section */

/* Begin PBXGroup section */
		19C28FACFE9D520D11CA2CBB /* Products */ = {
			isa = PBXGroup;
			children = (
				1D6058910D05DD3D006BFB54 /* Watched.app */,
			);
			name = Products;
			sourceTree = "<group>";
		};
		29B97314FDCFA39411CA2CEA /* CustomTemplate */ = {
			isa = PBXGroup;
			children = (
				EF8D785E12D933500064C5B5 /* External */,
				EF8D790212D933AB0064C5B5 /* Generated */,
				EF8D76E912D8DEDA0064C5B5 /* Source */,
				29B97317FDCFA39411CA2CEA /* Resources */,
				29B97323FDCFA39411CA2CEA /* Frameworks */,
				19C28FACFE9D520D11CA2CBB /* Products */,
			);
			name = CustomTemplate;
			sourceTree = "<group>";
		};
		29B97317FDCFA39411CA2CEA /* Resources */ = {
			isa = PBXGroup;
			children = (
				EF96D38A1493BDBF0060BD13 /* LastWatchedEpisode.xib */,
				EF4AD01C12EA22A60058F78E /* SeriesDetail.xib */,
				2899E5210DE3E06400AC0155 /* SearchSeries.xib */,
				AAB1059513D5993500683DC4 /* MessagePopupView.xib */,
				28AD733E0D9D9553002E5188 /* MainWindow.xib */,
				EFA0351613D9AB62004EB261 /* SeriesCell.xib */,
				EFFD0AEC12F5D2A200F9075B /* Images */,
				8D1107310486CEB800E47090 /* WatchedEpisodes-Info.plist */,
			);
			name = Resources;
			sourceTree = "<group>";
		};
		29B97323FDCFA39411CA2CEA /* Frameworks */ = {
			isa = PBXGroup;
			children = (
				1DF5F4DF0D08C38300B7A737 /* UIKit.framework */,
				1D30AB110D05D00D00671497 /* Foundation.framework */,
				288765A40DF7441C002DB57D /* CoreGraphics.framework */,
			);
			name = Frameworks;
			sourceTree = "<group>";
		};
		EF12EF9D12EC8FE1007E380E /* Loader */ = {
			isa = PBXGroup;
			children = (
				EF36EDCF13BA496D00AEABC1 /* AbstractLoader.h */,
				EF36EDD013BA496D00AEABC1 /* AbstractLoader.m */,
				EF8D79EE12DA0C380064C5B5 /* SearchLoader.h */,
				EF36EDD213BA579200AEABC1 /* SearchLoader.m */,
				EF4AD02412EA23BD0058F78E /* SeriesLoader.h */,
				EF4AD02512EA23BD0058F78E /* SeriesLoader.m */,
				EF12EF9F12EC90C2007E380E /* SeriesBannerLoader.h */,
				EF12EFA012EC90C2007E380E /* SeriesBannerLoader.m */,
				EF2AD7F913327AD300585E3A /* EpisodesLoader.h */,
				EF2AD7FA13327AD400585E3A /* EpisodesLoader.m */,
			);
			name = Loader;
			sourceTree = "<group>";
		};
		EF5AA28413D5C64D00F6FBCF /* UI */ = {
			isa = PBXGroup;
			children = (
				AAB1059A13D59AC200683DC4 /* MessagePopupView.h */,
				AAB1059B13D59AC200683DC4 /* MessagePopupView.m */,
				EFA0351813D9ABF1004EB261 /* SeriesCell.h */,
				EFA0351913D9ABF1004EB261 /* SeriesCell.m */,
			);
			name = UI;
			sourceTree = "<group>";
		};
		EF8D76E912D8DEDA0064C5B5 /* Source */ = {
			isa = PBXGroup;
			children = (
				EF8D793312D9F9AA0064C5B5 /* Constants.h */,
				EF8D793412D9F9AA0064C5B5 /* Constants.m */,
				EF8D76EC12D8DEDA0064C5B5 /* WatchedEpisodesAppDelegate.h */,
				EF8D76ED12D8DEDA0064C5B5 /* WatchedEpisodesAppDelegate.m */,
				EFFD079312F0BE7A00F9075B /* NavigationControllerTab.h */,
				EFFD079412F0BE7A00F9075B /* NavigationControllerTab.m */,
				EFFD084F12F0C6F000F9075B /* UIViewControllers */,
				EFFD085012F0C8CB00F9075B /* Model */,
				EF5AA28413D5C64D00F6FBCF /* UI */,
				EF12EF9D12EC8FE1007E380E /* Loader */,
				EF8D79A612DA02170064C5B5 /* Communication */,
				EFFD093212F22BAD00F9075B /* Util */,
				EF8D76F312D8DEE40064C5B5 /* Other */,
			);
			path = Source;
			sourceTree = "<group>";
		};
		EF8D76F312D8DEE40064C5B5 /* Other */ = {
			isa = PBXGroup;
			children = (
				EF8D76EA12D8DEDA0064C5B5 /* main.m */,
				EF8D76EB12D8DEDA0064C5B5 /* WatchedEpisodes_Prefix.pch */,
			);
			name = Other;
			sourceTree = "<group>";
		};
		EF8D785E12D933500064C5B5 /* External */ = {
			isa = PBXGroup;
			children = (
				EF8D79D512DA09530064C5B5 /* SynthesizeSingleton.h */,
				EF8D785F12D933500064C5B5 /* NSString+URLEncoding.h */,
				EF8D786012D933500064C5B5 /* NSString+URLEncoding.m */,
				EF8D78EE12D933800064C5B5 /* ProtocolBuffers.xcodeproj */,
				EF8D78FD12D933920064C5B5 /* ProtocolBuffers.h */,
			);
			path = External;
			sourceTree = "<group>";
		};
		EF8D78EF12D933800064C5B5 /* Products */ = {
			isa = PBXGroup;
			children = (
				EF8D78F812D933800064C5B5 /* libProtocolBuffers.a */,
				EF8D78FA12D933800064C5B5 /* UnitTests.octest */,
				EF8D78FC12D933800064C5B5 /* CommandLineTests.app */,
			);
			name = Products;
			sourceTree = "<group>";
		};
		EF8D790212D933AB0064C5B5 /* Generated */ = {
			isa = PBXGroup;
			children = (
				EFFD08B312F21BBC00F9075B /* ProtocolTypes.pb.h */,
				EFFD08B412F21BBC00F9075B /* ProtocolTypes.pb.m */,
				EFFD08B112F21BBC00F9075B /* GetAllEpisodes.pb.h */,
				EFFD08B212F21BBC00F9075B /* GetAllEpisodes.pb.m */,
				EF4AD02712EA23F10058F78E /* GetSeries.pb.h */,
				EF4AD02812EA23F10058F78E /* GetSeries.pb.m */,
				EF8D790312D933AB0064C5B5 /* SearchSeries.pb.h */,
				EF8D790412D933AB0064C5B5 /* SearchSeries.pb.m */,
			);
			path = Generated;
			sourceTree = "<group>";
		};
		EF8D79A612DA02170064C5B5 /* Communication */ = {
			isa = PBXGroup;
			children = (
				EF36EDC913BA37E000AEABC1 /* ProtocolBuffersFetcher.h */,
				EF36EDCA13BA37E000AEABC1 /* ProtocolBuffersFetcher.m */,
				AAB1059213D587E900683DC4 /* CommunicationManager.h */,
				AAB1059313D587E900683DC4 /* CommunicationManager.m */,
			);
			name = Communication;
			sourceTree = "<group>";
		};
		EFFD084F12F0C6F000F9075B /* UIViewControllers */ = {
			isa = PBXGroup;
			children = (
				EF8D76EE12D8DEDA0064C5B5 /* SearchSeriesViewController.h */,
				EF8D76EF12D8DEDA0064C5B5 /* SearchSeriesViewController.m */,
				EFFD078D12F0BE1E00F9075B /* FavoritesViewController.h */,
				EFFD078E12F0BE1E00F9075B /* FavoritesViewController.m */,
				EF4AD01A12EA22A60058F78E /* SeriesDetailViewController.h */,
				EF4AD01B12EA22A60058F78E /* SeriesDetailViewController.m */,
				EF2AD7FC1332800A00585E3A /* EpisodesListViewController.h */,
				EF2AD7FD1332800A00585E3A /* EpisodesListViewController.m */,
				EF96D3881493BDBF0060BD13 /* LastWatchedEpisodeViewController.h */,
				EF96D3891493BDBF0060BD13 /* LastWatchedEpisodeViewController.m */,
			);
			name = UIViewControllers;
			sourceTree = "<group>";
		};
		EFFD085012F0C8CB00F9075B /* Model */ = {
			isa = PBXGroup;
			children = (
				EF5AA29113D5E32A00F6FBCF /* EpisodesModel.h */,
				EF5AA29213D5E32A00F6FBCF /* EpisodesModel.m */,
				EFFD085112F0C8FA00F9075B /* FavoritesManager.h */,
				EFFD085212F0C8FA00F9075B /* FavoritesManager.m */,
				EFFD259C13C236900051628A /* WatchedManager.h */,
				EFFD259D13C236900051628A /* WatchedManager.m */,
				AA4ED15113D0670B007D07F5 /* WatchedStateDocument.h */,
				AA4ED15213D0670B007D07F5 /* WatchedStateDocument.m */,
			);
			name = Model;
			sourceTree = "<group>";
		};
		EFFD093212F22BAD00F9075B /* Util */ = {
			isa = PBXGroup;
			children = (
				EF8D79D212DA087D0064C5B5 /* ServiceLocator.h */,
				EF8D79D312DA087D0064C5B5 /* ServiceLocator.m */,
				EFFD093312F22BE700F9075B /* FileHelper.h */,
				EFFD093412F22BE700F9075B /* FileHelper.m */,
				EF5AA2A013D5F21B00F6FBCF /* ProtocolCategories.h */,
				EF5AA2A113D5F21B00F6FBCF /* ProtocolCategories.m */,
			);
			name = Util;
			sourceTree = "<group>";
		};
		EFFD0AEC12F5D2A200F9075B /* Images */ = {
			isa = PBXGroup;
			children = (
				EFFD0B1812F5D4F700F9075B /* HeartAlt.png */,
				EFFD0B1A12F5D50D00F9075B /* HeartAlt@2x.png */,
				EFFD0B0812F5D47F00F9075B /* Heart.png */,
				EFFD0B0612F5D46900F9075B /* Heart@2x.png */,
				EFFD0AED12F5D2E400F9075B /* Find.png */,
				EF3555E013D3503A00456DBD /* Find@2x.png */,
			);
			name = Images;
			sourceTree = "<group>";
		};
/* End PBXGroup section */

/* Begin PBXNativeTarget section */
		1D6058900D05DD3D006BFB54 /* WatchedEpisodes */ = {
			isa = PBXNativeTarget;
			buildConfigurationList = 1D6058960D05DD3E006BFB54 /* Build configuration list for PBXNativeTarget "WatchedEpisodes" */;
			buildPhases = (
				1D60588D0D05DD3D006BFB54 /* Resources */,
				1D60588E0D05DD3D006BFB54 /* Sources */,
				1D60588F0D05DD3D006BFB54 /* Frameworks */,
			);
			buildRules = (
			);
			dependencies = (
				EF8D790D12D933F90064C5B5 /* PBXTargetDependency */,
			);
			name = WatchedEpisodes;
			productName = WatchedEpisodes;
			productReference = 1D6058910D05DD3D006BFB54 /* Watched.app */;
			productType = "com.apple.product-type.application";
		};
/* End PBXNativeTarget section */

/* Begin PBXProject section */
		29B97313FDCFA39411CA2CEA /* Project object */ = {
			isa = PBXProject;
			attributes = {
				LastUpgradeCheck = 0420;
				ORGANIZATIONNAME = "Lucas Neiva";
			};
			buildConfigurationList = C01FCF4E08A954540054247B /* Build configuration list for PBXProject "WatchedEpisodes" */;
			compatibilityVersion = "Xcode 3.2";
			developmentRegion = English;
			hasScannedForEncodings = 1;
			knownRegions = (
				English,
				Japanese,
				French,
				German,
			);
			mainGroup = 29B97314FDCFA39411CA2CEA /* CustomTemplate */;
			projectDirPath = "";
			projectReferences = (
				{
					ProductGroup = EF8D78EF12D933800064C5B5 /* Products */;
					ProjectRef = EF8D78EE12D933800064C5B5 /* ProtocolBuffers.xcodeproj */;
				},
			);
			projectRoot = "";
			targets = (
				1D6058900D05DD3D006BFB54 /* WatchedEpisodes */,
			);
		};
/* End PBXProject section */

/* Begin PBXReferenceProxy section */
		EF8D78F812D933800064C5B5 /* libProtocolBuffers.a */ = {
			isa = PBXReferenceProxy;
			fileType = archive.ar;
			path = libProtocolBuffers.a;
			remoteRef = EF8D78F712D933800064C5B5 /* PBXContainerItemProxy */;
			sourceTree = BUILT_PRODUCTS_DIR;
		};
		EF8D78FA12D933800064C5B5 /* UnitTests.octest */ = {
			isa = PBXReferenceProxy;
			fileType = wrapper.cfbundle;
			path = UnitTests.octest;
			remoteRef = EF8D78F912D933800064C5B5 /* PBXContainerItemProxy */;
			sourceTree = BUILT_PRODUCTS_DIR;
		};
		EF8D78FC12D933800064C5B5 /* CommandLineTests.app */ = {
			isa = PBXReferenceProxy;
			fileType = wrapper.application;
			path = CommandLineTests.app;
			remoteRef = EF8D78FB12D933800064C5B5 /* PBXContainerItemProxy */;
			sourceTree = BUILT_PRODUCTS_DIR;
		};
/* End PBXReferenceProxy section */

/* Begin PBXResourcesBuildPhase section */
		1D60588D0D05DD3D006BFB54 /* Resources */ = {
			isa = PBXResourcesBuildPhase;
			buildActionMask = 2147483647;
			files = (
				28AD733F0D9D9553002E5188 /* MainWindow.xib in Resources */,
				2899E5220DE3E06400AC0155 /* SearchSeries.xib in Resources */,
				EF4AD01E12EA22A60058F78E /* SeriesDetail.xib in Resources */,
				EFFD0AEE12F5D2E400F9075B /* Find.png in Resources */,
				EFFD0B0712F5D46900F9075B /* Heart@2x.png in Resources */,
				EFFD0B0912F5D47F00F9075B /* Heart.png in Resources */,
				EFFD0B1912F5D4F700F9075B /* HeartAlt.png in Resources */,
				EFFD0B1B12F5D50D00F9075B /* HeartAlt@2x.png in Resources */,
				EF3555E113D3503A00456DBD /* Find@2x.png in Resources */,
				AAB1059613D5993500683DC4 /* MessagePopupView.xib in Resources */,
				EFA0351713D9AB62004EB261 /* SeriesCell.xib in Resources */,
				EF96D38C1493BDBF0060BD13 /* LastWatchedEpisode.xib in Resources */,
			);
			runOnlyForDeploymentPostprocessing = 0;
		};
/* End PBXResourcesBuildPhase section */

/* Begin PBXSourcesBuildPhase section */
		1D60588E0D05DD3D006BFB54 /* Sources */ = {
			isa = PBXSourcesBuildPhase;
			buildActionMask = 2147483647;
			files = (
				EF8D76F012D8DEDA0064C5B5 /* main.m in Sources */,
				EF8D76F112D8DEDA0064C5B5 /* WatchedEpisodesAppDelegate.m in Sources */,
				EF8D76F212D8DEDA0064C5B5 /* SearchSeriesViewController.m in Sources */,
				EF8D78B912D933500064C5B5 /* NSString+URLEncoding.m in Sources */,
				EF8D790512D933AB0064C5B5 /* SearchSeries.pb.m in Sources */,
				EF8D793512D9F9AA0064C5B5 /* Constants.m in Sources */,
				EF8D79D412DA087D0064C5B5 /* ServiceLocator.m in Sources */,
				EF4AD01D12EA22A60058F78E /* SeriesDetailViewController.m in Sources */,
				EF4AD02612EA23BD0058F78E /* SeriesLoader.m in Sources */,
				EF4AD02912EA23F10058F78E /* GetSeries.pb.m in Sources */,
				EF12EFA112EC90C2007E380E /* SeriesBannerLoader.m in Sources */,
				EFFD078F12F0BE1E00F9075B /* FavoritesViewController.m in Sources */,
				EFFD079512F0BE7A00F9075B /* NavigationControllerTab.m in Sources */,
				EFFD085312F0C8FA00F9075B /* FavoritesManager.m in Sources */,
				EFFD08B512F21BBC00F9075B /* GetAllEpisodes.pb.m in Sources */,
				EFFD08B612F21BBC00F9075B /* ProtocolTypes.pb.m in Sources */,
				EFFD093512F22BE700F9075B /* FileHelper.m in Sources */,
				EF2AD7FB13327AD500585E3A /* EpisodesLoader.m in Sources */,
				EF2AD7FE1332800A00585E3A /* EpisodesListViewController.m in Sources */,
				EF36EDCB13BA37E000AEABC1 /* ProtocolBuffersFetcher.m in Sources */,
				EF36EDD113BA496D00AEABC1 /* AbstractLoader.m in Sources */,
				EF36EDD313BA579200AEABC1 /* SearchLoader.m in Sources */,
				EFFD259E13C236900051628A /* WatchedManager.m in Sources */,
				AA4ED15313D0670B007D07F5 /* WatchedStateDocument.m in Sources */,
				AAB1059413D587E900683DC4 /* CommunicationManager.m in Sources */,
				AAB1059C13D59AC300683DC4 /* MessagePopupView.m in Sources */,
				EF5AA29313D5E32A00F6FBCF /* EpisodesModel.m in Sources */,
				EF5AA2A213D5F21B00F6FBCF /* ProtocolCategories.m in Sources */,
				EFA0351A13D9ABF1004EB261 /* SeriesCell.m in Sources */,
				EF96D38B1493BDBF0060BD13 /* LastWatchedEpisodeViewController.m in Sources */,
			);
			runOnlyForDeploymentPostprocessing = 0;
		};
/* End PBXSourcesBuildPhase section */

/* Begin PBXTargetDependency section */
		EF8D790D12D933F90064C5B5 /* PBXTargetDependency */ = {
			isa = PBXTargetDependency;
			name = ProtocolBuffers;
			targetProxy = EF8D790C12D933F90064C5B5 /* PBXContainerItemProxy */;
		};
/* End PBXTargetDependency section */

/* Begin XCBuildConfiguration section */
		1D6058940D05DD3E006BFB54 /* Debug */ = {
			isa = XCBuildConfiguration;
			buildSettings = {
				ALWAYS_SEARCH_USER_PATHS = NO;
				COPY_PHASE_STRIP = NO;
				GCC_PRECOMPILE_PREFIX_HEADER = YES;
				GCC_PREFIX_HEADER = Source/WatchedEpisodes_Prefix.pch;
				INFOPLIST_FILE = "WatchedEpisodes-Info.plist";
				PRODUCT_NAME = Watched;
			};
			name = Debug;
		};
		1D6058950D05DD3E006BFB54 /* Release */ = {
			isa = XCBuildConfiguration;
			buildSettings = {
				ALWAYS_SEARCH_USER_PATHS = NO;
				COPY_PHASE_STRIP = YES;
				GCC_PRECOMPILE_PREFIX_HEADER = YES;
				GCC_PREFIX_HEADER = Source/WatchedEpisodes_Prefix.pch;
				INFOPLIST_FILE = "WatchedEpisodes-Info.plist";
				PRODUCT_NAME = Watched;
				VALIDATE_PRODUCT = YES;
			};
			name = Release;
		};
		C01FCF4F08A954540054247B /* Debug */ = {
			isa = XCBuildConfiguration;
			buildSettings = {
				ARCHS = "$(ARCHS_STANDARD_32_BIT)";
				"CODE_SIGN_IDENTITY[sdk=iphoneos*]" = "iPhone Developer";
				GCC_C_LANGUAGE_STANDARD = "compiler-default";
				GCC_TREAT_WARNINGS_AS_ERRORS = YES;
				GCC_VERSION = com.apple.compilers.llvm.clang.1_0;
				GCC_WARN_ABOUT_MISSING_PROTOTYPES = YES;
				GCC_WARN_ABOUT_RETURN_TYPE = YES;
				GCC_WARN_STRICT_SELECTOR_MATCH = YES;
				GCC_WARN_UNUSED_VARIABLE = YES;
				RUN_CLANG_STATIC_ANALYZER = YES;
				SDKROOT = iphoneos;
			};
			name = Debug;
		};
		C01FCF5008A954540054247B /* Release */ = {
			isa = XCBuildConfiguration;
			buildSettings = {
				ARCHS = "$(ARCHS_STANDARD_32_BIT)";
				"CODE_SIGN_IDENTITY[sdk=iphoneos*]" = "iPhone Developer";
				GCC_C_LANGUAGE_STANDARD = "compiler-default";
				GCC_TREAT_WARNINGS_AS_ERRORS = YES;
				GCC_VERSION = com.apple.compilers.llvm.clang.1_0;
				GCC_WARN_ABOUT_MISSING_PROTOTYPES = YES;
				GCC_WARN_ABOUT_RETURN_TYPE = YES;
				GCC_WARN_STRICT_SELECTOR_MATCH = YES;
				GCC_WARN_UNUSED_VARIABLE = YES;
				OTHER_CFLAGS = "-DNS_BLOCK_ASSERTIONS=1";
				RUN_CLANG_STATIC_ANALYZER = YES;
				SDKROOT = iphoneos;
			};
			name = Release;
		};
		EFBCDB5613D3582A00988FEC /* FakeData */ = {
			isa = XCBuildConfiguration;
			buildSettings = {
				ARCHS = "$(ARCHS_STANDARD_32_BIT)";
				"CODE_SIGN_IDENTITY[sdk=iphoneos*]" = "iPhone Developer";
				GCC_C_LANGUAGE_STANDARD = "compiler-default";
				GCC_TREAT_WARNINGS_AS_ERRORS = YES;
				GCC_VERSION = com.apple.compilers.llvm.clang.1_0;
				GCC_WARN_ABOUT_MISSING_PROTOTYPES = YES;
				GCC_WARN_ABOUT_RETURN_TYPE = YES;
				GCC_WARN_STRICT_SELECTOR_MATCH = YES;
				GCC_WARN_UNUSED_VARIABLE = YES;
				RUN_CLANG_STATIC_ANALYZER = YES;
				SDKROOT = iphoneos;
			};
			name = FakeData;
		};
		EFBCDB5713D3582A00988FEC /* FakeData */ = {
			isa = XCBuildConfiguration;
			buildSettings = {
				ALWAYS_SEARCH_USER_PATHS = NO;
				COPY_PHASE_STRIP = NO;
				GCC_PRECOMPILE_PREFIX_HEADER = YES;
				GCC_PREFIX_HEADER = Source/WatchedEpisodes_Prefix.pch;
				GCC_PREPROCESSOR_DEFINITIONS = FAKEDATA;
				INFOPLIST_FILE = "WatchedEpisodes-Info.plist";
				PRODUCT_NAME = Watched;
			};
			name = FakeData;
		};
/* End XCBuildConfiguration section */

/* Begin XCConfigurationList section */
		1D6058960D05DD3E006BFB54 /* Build configuration list for PBXNativeTarget "WatchedEpisodes" */ = {
			isa = XCConfigurationList;
			buildConfigurations = (
				1D6058940D05DD3E006BFB54 /* Debug */,
				EFBCDB5713D3582A00988FEC /* FakeData */,
				1D6058950D05DD3E006BFB54 /* Release */,
			);
			defaultConfigurationIsVisible = 0;
			defaultConfigurationName = Release;
		};
		C01FCF4E08A954540054247B /* Build configuration list for PBXProject "WatchedEpisodes" */ = {
			isa = XCConfigurationList;
			buildConfigurations = (
				C01FCF4F08A954540054247B /* Debug */,
				EFBCDB5613D3582A00988FEC /* FakeData */,
				C01FCF5008A954540054247B /* Release */,
			);
			defaultConfigurationIsVisible = 0;
			defaultConfigurationName = Release;
		};
/* End XCConfigurationList section */
	};
	rootObject = 29B97313FDCFA39411CA2CEA /* Project object */;
}
