// !$*UTF8*$!
{
	archiveVersion = 1;
	classes = {
	};
	objectVersion = 45;
	objects = {

/* Begin PBXBuildFile section */
		1D60589F0D05DD5A006BFB54 /* Foundation.framework in Frameworks */ = {isa = PBXBuildFile; fileRef = 1D30AB110D05D00D00671497 /* Foundation.framework */; };
		1DF5F4E00D08C38300B7A737 /* UIKit.framework in Frameworks */ = {isa = PBXBuildFile; fileRef = 1DF5F4DF0D08C38300B7A737 /* UIKit.framework */; };
		288765A50DF7441C002DB57D /* CoreGraphics.framework in Frameworks */ = {isa = PBXBuildFile; fileRef = 288765A40DF7441C002DB57D /* CoreGraphics.framework */; };
		2899E5220DE3E06400AC0155 /* SearchSeries.xib in Resources */ = {isa = PBXBuildFile; fileRef = 2899E5210DE3E06400AC0155 /* SearchSeries.xib */; };
		28AD733F0D9D9553002E5188 /* MainWindow.xib in Resources */ = {isa = PBXBuildFile; fileRef = 28AD733E0D9D9553002E5188 /* MainWindow.xib */; };
		EF12EFA112EC90C2007E380E /* SeriesBannerLoader.m in Sources */ = {isa = PBXBuildFile; fileRef = EF12EFA012EC90C2007E380E /* SeriesBannerLoader.m */; };
		EF4AD01D12EA22A60058F78E /* SeriesDetailViewController.m in Sources */ = {isa = PBXBuildFile; fileRef = EF4AD01B12EA22A60058F78E /* SeriesDetailViewController.m */; };
		EF4AD01E12EA22A60058F78E /* SeriesDetail.xib in Resources */ = {isa = PBXBuildFile; fileRef = EF4AD01C12EA22A60058F78E /* SeriesDetail.xib */; };
		EF4AD02612EA23BD0058F78E /* SeriesLoader.m in Sources */ = {isa = PBXBuildFile; fileRef = EF4AD02512EA23BD0058F78E /* SeriesLoader.m */; };
		EF4AD02912EA23F10058F78E /* GetSeries.pb.m in Sources */ = {isa = PBXBuildFile; fileRef = EF4AD02812EA23F10058F78E /* GetSeries.pb.m */; };
		EF8D76F012D8DEDA0064C5B5 /* main.m in Sources */ = {isa = PBXBuildFile; fileRef = EF8D76EA12D8DEDA0064C5B5 /* main.m */; };
		EF8D76F112D8DEDA0064C5B5 /* WatchedEpisodesAppDelegate.m in Sources */ = {isa = PBXBuildFile; fileRef = EF8D76ED12D8DEDA0064C5B5 /* WatchedEpisodesAppDelegate.m */; };
		EF8D76F212D8DEDA0064C5B5 /* SearchSeriesViewController.m in Sources */ = {isa = PBXBuildFile; fileRef = EF8D76EF12D8DEDA0064C5B5 /* SearchSeriesViewController.m */; };
		EF8D78B912D933500064C5B5 /* NSString+URLEncoding.m in Sources */ = {isa = PBXBuildFile; fileRef = EF8D786012D933500064C5B5 /* NSString+URLEncoding.m */; };
		EF8D790512D933AB0064C5B5 /* SearchSeries.pb.m in Sources */ = {isa = PBXBuildFile; fileRef = EF8D790412D933AB0064C5B5 /* SearchSeries.pb.m */; };
		EF8D790E12D934030064C5B5 /* libProtocolBuffers.a in Frameworks */ = {isa = PBXBuildFile; fileRef = EF8D78F812D933800064C5B5 /* libProtocolBuffers.a */; };
		EF8D793512D9F9AA0064C5B5 /* Constants.m in Sources */ = {isa = PBXBuildFile; fileRef = EF8D793412D9F9AA0064C5B5 /* Constants.m */; };
		EF8D79B312DA02500064C5B5 /* CommunicationAgent.m in Sources */ = {isa = PBXBuildFile; fileRef = EF8D79AF12DA02500064C5B5 /* CommunicationAgent.m */; };
		EF8D79B412DA02500064C5B5 /* Request.m in Sources */ = {isa = PBXBuildFile; fileRef = EF8D79B212DA02500064C5B5 /* Request.m */; };
		EF8D79D412DA087D0064C5B5 /* ServiceLocator.m in Sources */ = {isa = PBXBuildFile; fileRef = EF8D79D312DA087D0064C5B5 /* ServiceLocator.m */; };
		EF8D79F012DA0C380064C5B5 /* SearchSeriesModel.m in Sources */ = {isa = PBXBuildFile; fileRef = EF8D79EF12DA0C380064C5B5 /* SearchSeriesModel.m */; };
		EFFD078F12F0BE1E00F9075B /* FavoritesViewController.m in Sources */ = {isa = PBXBuildFile; fileRef = EFFD078E12F0BE1E00F9075B /* FavoritesViewController.m */; };
		EFFD079512F0BE7A00F9075B /* NavigationControllerTab.m in Sources */ = {isa = PBXBuildFile; fileRef = EFFD079412F0BE7A00F9075B /* NavigationControllerTab.m */; };
/* End PBXBuildFile section */

/* Begin PBXContainerItemProxy section */
		EF8D78F712D933800064C5B5 /* PBXContainerItemProxy */ = {
			isa = PBXContainerItemProxy;
			containerPortal = EF8D78EE12D933800064C5B5 /* ProtocolBuffers.xcodeproj */;
			proxyType = 2;
			remoteGlobalIDString = 7461B52E0F94FAF800A0C422;
			remoteInfo = ProtocolBuffers;
		};
		EF8D78F912D933800064C5B5 /* PBXContainerItemProxy */ = {
			isa = PBXContainerItemProxy;
			containerPortal = EF8D78EE12D933800064C5B5 /* ProtocolBuffers.xcodeproj */;
			proxyType = 2;
			remoteGlobalIDString = 7401C1A80F950347006D8281;
			remoteInfo = UnitTests;
		};
		EF8D78FB12D933800064C5B5 /* PBXContainerItemProxy */ = {
			isa = PBXContainerItemProxy;
			containerPortal = EF8D78EE12D933800064C5B5 /* ProtocolBuffers.xcodeproj */;
			proxyType = 2;
			remoteGlobalIDString = 748F14580FD75E3B000858A9;
			remoteInfo = CommandLineTests;
		};
		EF8D790C12D933F90064C5B5 /* PBXContainerItemProxy */ = {
			isa = PBXContainerItemProxy;
			containerPortal = EF8D78EE12D933800064C5B5 /* ProtocolBuffers.xcodeproj */;
			proxyType = 1;
			remoteGlobalIDString = 7461B52D0F94FAF800A0C422;
			remoteInfo = ProtocolBuffers;
		};
/* End PBXContainerItemProxy section */

/* Begin PBXFileReference section */
		1D30AB110D05D00D00671497 /* Foundation.framework */ = {isa = PBXFileReference; lastKnownFileType = wrapper.framework; name = Foundation.framework; path = System/Library/Frameworks/Foundation.framework; sourceTree = SDKROOT; };
		1D6058910D05DD3D006BFB54 /* WatchedEpisodes.app */ = {isa = PBXFileReference; explicitFileType = wrapper.application; includeInIndex = 0; path = WatchedEpisodes.app; sourceTree = BUILT_PRODUCTS_DIR; };
		1DF5F4DF0D08C38300B7A737 /* UIKit.framework */ = {isa = PBXFileReference; lastKnownFileType = wrapper.framework; name = UIKit.framework; path = System/Library/Frameworks/UIKit.framework; sourceTree = SDKROOT; };
		288765A40DF7441C002DB57D /* CoreGraphics.framework */ = {isa = PBXFileReference; lastKnownFileType = wrapper.framework; name = CoreGraphics.framework; path = System/Library/Frameworks/CoreGraphics.framework; sourceTree = SDKROOT; };
		2899E5210DE3E06400AC0155 /* SearchSeries.xib */ = {isa = PBXFileReference; lastKnownFileType = file.xib; path = SearchSeries.xib; sourceTree = "<group>"; };
		28AD733E0D9D9553002E5188 /* MainWindow.xib */ = {isa = PBXFileReference; lastKnownFileType = file.xib; path = MainWindow.xib; sourceTree = "<group>"; };
		8D1107310486CEB800E47090 /* WatchedEpisodes-Info.plist */ = {isa = PBXFileReference; fileEncoding = 4; lastKnownFileType = text.plist.xml; path = "WatchedEpisodes-Info.plist"; plistStructureDefinitionIdentifier = "com.apple.xcode.plist.structure-definition.iphone.info-plist"; sourceTree = "<group>"; };
		EF12EF9F12EC90C2007E380E /* SeriesBannerLoader.h */ = {isa = PBXFileReference; fileEncoding = 4; lastKnownFileType = sourcecode.c.h; path = SeriesBannerLoader.h; sourceTree = "<group>"; };
		EF12EFA012EC90C2007E380E /* SeriesBannerLoader.m */ = {isa = PBXFileReference; fileEncoding = 4; lastKnownFileType = sourcecode.c.objc; path = SeriesBannerLoader.m; sourceTree = "<group>"; };
		EF4AD01A12EA22A60058F78E /* SeriesDetailViewController.h */ = {isa = PBXFileReference; fileEncoding = 4; lastKnownFileType = sourcecode.c.h; path = SeriesDetailViewController.h; sourceTree = "<group>"; };
		EF4AD01B12EA22A60058F78E /* SeriesDetailViewController.m */ = {isa = PBXFileReference; fileEncoding = 4; lastKnownFileType = sourcecode.c.objc; path = SeriesDetailViewController.m; sourceTree = "<group>"; };
		EF4AD01C12EA22A60058F78E /* SeriesDetail.xib */ = {isa = PBXFileReference; lastKnownFileType = file.xib; path = SeriesDetail.xib; sourceTree = "<group>"; };
		EF4AD02412EA23BD0058F78E /* SeriesLoader.h */ = {isa = PBXFileReference; fileEncoding = 4; lastKnownFileType = sourcecode.c.h; path = SeriesLoader.h; sourceTree = "<group>"; };
		EF4AD02512EA23BD0058F78E /* SeriesLoader.m */ = {isa = PBXFileReference; fileEncoding = 4; lastKnownFileType = sourcecode.c.objc; path = SeriesLoader.m; sourceTree = "<group>"; };
		EF4AD02712EA23F10058F78E /* GetSeries.pb.h */ = {isa = PBXFileReference; fileEncoding = 4; lastKnownFileType = sourcecode.c.h; path = GetSeries.pb.h; sourceTree = "<group>"; };
		EF4AD02812EA23F10058F78E /* GetSeries.pb.m */ = {isa = PBXFileReference; fileEncoding = 4; lastKnownFileType = sourcecode.c.objc; path = GetSeries.pb.m; sourceTree = "<group>"; };
		EF8D76EA12D8DEDA0064C5B5 /* main.m */ = {isa = PBXFileReference; fileEncoding = 4; lastKnownFileType = sourcecode.c.objc; path = main.m; sourceTree = "<group>"; };
		EF8D76EB12D8DEDA0064C5B5 /* WatchedEpisodes_Prefix.pch */ = {isa = PBXFileReference; fileEncoding = 4; lastKnownFileType = sourcecode.c.h; path = WatchedEpisodes_Prefix.pch; sourceTree = "<group>"; };
		EF8D76EC12D8DEDA0064C5B5 /* WatchedEpisodesAppDelegate.h */ = {isa = PBXFileReference; fileEncoding = 4; lastKnownFileType = sourcecode.c.h; path = WatchedEpisodesAppDelegate.h; sourceTree = "<group>"; };
		EF8D76ED12D8DEDA0064C5B5 /* WatchedEpisodesAppDelegate.m */ = {isa = PBXFileReference; fileEncoding = 4; lastKnownFileType = sourcecode.c.objc; path = WatchedEpisodesAppDelegate.m; sourceTree = "<group>"; };
		EF8D76EE12D8DEDA0064C5B5 /* SearchSeriesViewController.h */ = {isa = PBXFileReference; fileEncoding = 4; lastKnownFileType = sourcecode.c.h; path = SearchSeriesViewController.h; sourceTree = "<group>"; };
		EF8D76EF12D8DEDA0064C5B5 /* SearchSeriesViewController.m */ = {isa = PBXFileReference; fileEncoding = 4; lastKnownFileType = sourcecode.c.objc; path = SearchSeriesViewController.m; sourceTree = "<group>"; };
		EF8D785F12D933500064C5B5 /* NSString+URLEncoding.h */ = {isa = PBXFileReference; fileEncoding = 4; lastKnownFileType = sourcecode.c.h; path = "NSString+URLEncoding.h"; sourceTree = "<group>"; };
		EF8D786012D933500064C5B5 /* NSString+URLEncoding.m */ = {isa = PBXFileReference; fileEncoding = 4; lastKnownFileType = sourcecode.c.objc; path = "NSString+URLEncoding.m"; sourceTree = "<group>"; };
		EF8D78EE12D933800064C5B5 /* ProtocolBuffers.xcodeproj */ = {isa = PBXFileReference; lastKnownFileType = "wrapper.pb-project"; name = ProtocolBuffers.xcodeproj; path = protobuf/ProtocolBuffers.xcodeproj; sourceTree = "<group>"; };
		EF8D78FD12D933920064C5B5 /* ProtocolBuffers.h */ = {isa = PBXFileReference; fileEncoding = 4; lastKnownFileType = sourcecode.c.h; name = ProtocolBuffers.h; path = protobuf/Classes/ProtocolBuffers.h; sourceTree = "<group>"; };
		EF8D790312D933AB0064C5B5 /* SearchSeries.pb.h */ = {isa = PBXFileReference; fileEncoding = 4; lastKnownFileType = sourcecode.c.h; path = SearchSeries.pb.h; sourceTree = "<group>"; };
		EF8D790412D933AB0064C5B5 /* SearchSeries.pb.m */ = {isa = PBXFileReference; fileEncoding = 4; lastKnownFileType = sourcecode.c.objc; path = SearchSeries.pb.m; sourceTree = "<group>"; };
		EF8D793312D9F9AA0064C5B5 /* Constants.h */ = {isa = PBXFileReference; fileEncoding = 4; lastKnownFileType = sourcecode.c.h; path = Constants.h; sourceTree = "<group>"; };
		EF8D793412D9F9AA0064C5B5 /* Constants.m */ = {isa = PBXFileReference; fileEncoding = 4; lastKnownFileType = sourcecode.c.objc; path = Constants.m; sourceTree = "<group>"; };
		EF8D79AE12DA02500064C5B5 /* CommunicationAgent.h */ = {isa = PBXFileReference; fileEncoding = 4; lastKnownFileType = sourcecode.c.h; path = CommunicationAgent.h; sourceTree = "<group>"; };
		EF8D79AF12DA02500064C5B5 /* CommunicationAgent.m */ = {isa = PBXFileReference; fileEncoding = 4; lastKnownFileType = sourcecode.c.objc; path = CommunicationAgent.m; sourceTree = "<group>"; };
		EF8D79B012DA02500064C5B5 /* CommunicationDelegate.h */ = {isa = PBXFileReference; fileEncoding = 4; lastKnownFileType = sourcecode.c.h; path = CommunicationDelegate.h; sourceTree = "<group>"; };
		EF8D79B112DA02500064C5B5 /* Request.h */ = {isa = PBXFileReference; fileEncoding = 4; lastKnownFileType = sourcecode.c.h; path = Request.h; sourceTree = "<group>"; };
		EF8D79B212DA02500064C5B5 /* Request.m */ = {isa = PBXFileReference; fileEncoding = 4; lastKnownFileType = sourcecode.c.objc; path = Request.m; sourceTree = "<group>"; };
		EF8D79D212DA087D0064C5B5 /* ServiceLocator.h */ = {isa = PBXFileReference; fileEncoding = 4; lastKnownFileType = sourcecode.c.h; path = ServiceLocator.h; sourceTree = "<group>"; };
		EF8D79D312DA087D0064C5B5 /* ServiceLocator.m */ = {isa = PBXFileReference; fileEncoding = 4; lastKnownFileType = sourcecode.c.objc; path = ServiceLocator.m; sourceTree = "<group>"; };
		EF8D79D512DA09530064C5B5 /* SynthesizeSingleton.h */ = {isa = PBXFileReference; fileEncoding = 4; lastKnownFileType = sourcecode.c.h; path = SynthesizeSingleton.h; sourceTree = "<group>"; };
		EF8D79EE12DA0C380064C5B5 /* SearchSeriesModel.h */ = {isa = PBXFileReference; fileEncoding = 4; lastKnownFileType = sourcecode.c.h; path = SearchSeriesModel.h; sourceTree = "<group>"; };
		EF8D79EF12DA0C380064C5B5 /* SearchSeriesModel.m */ = {isa = PBXFileReference; fileEncoding = 4; lastKnownFileType = sourcecode.c.objc; path = SearchSeriesModel.m; sourceTree = "<group>"; };
		EFFD078D12F0BE1E00F9075B /* FavoritesViewController.h */ = {isa = PBXFileReference; fileEncoding = 4; lastKnownFileType = sourcecode.c.h; path = FavoritesViewController.h; sourceTree = "<group>"; };
		EFFD078E12F0BE1E00F9075B /* FavoritesViewController.m */ = {isa = PBXFileReference; fileEncoding = 4; lastKnownFileType = sourcecode.c.objc; path = FavoritesViewController.m; sourceTree = "<group>"; };
		EFFD079312F0BE7A00F9075B /* NavigationControllerTab.h */ = {isa = PBXFileReference; fileEncoding = 4; lastKnownFileType = sourcecode.c.h; path = NavigationControllerTab.h; sourceTree = "<group>"; };
		EFFD079412F0BE7A00F9075B /* NavigationControllerTab.m */ = {isa = PBXFileReference; fileEncoding = 4; lastKnownFileType = sourcecode.c.objc; path = NavigationControllerTab.m; sourceTree = "<group>"; };
/* End PBXFileReference section */

/* Begin PBXFrameworksBuildPhase section */
		1D60588F0D05DD3D006BFB54 /* Frameworks */ = {
			isa = PBXFrameworksBuildPhase;
			buildActionMask = 2147483647;
			files = (
				EF8D790E12D934030064C5B5 /* libProtocolBuffers.a in Frameworks */,
				1D60589F0D05DD5A006BFB54 /* Foundation.framework in Frameworks */,
				1DF5F4E00D08C38300B7A737 /* UIKit.framework in Frameworks */,
				288765A50DF7441C002DB57D /* CoreGraphics.framework in Frameworks */,
			);
			runOnlyForDeploymentPostprocessing = 0;
		};
/* End PBXFrameworksBuildPhase section */

/* Begin PBXGroup section */
		19C28FACFE9D520D11CA2CBB /* Products */ = {
			isa = PBXGroup;
			children = (
				1D6058910D05DD3D006BFB54 /* WatchedEpisodes.app */,
			);
			name = Products;
			sourceTree = "<group>";
		};
		29B97314FDCFA39411CA2CEA /* CustomTemplate */ = {
			isa = PBXGroup;
			children = (
				EF8D785E12D933500064C5B5 /* External */,
				EF8D790212D933AB0064C5B5 /* Generated */,
				EF8D76E912D8DEDA0064C5B5 /* Source */,
				29B97317FDCFA39411CA2CEA /* Resources */,
				29B97323FDCFA39411CA2CEA /* Frameworks */,
				19C28FACFE9D520D11CA2CBB /* Products */,
			);
			name = CustomTemplate;
			sourceTree = "<group>";
		};
		29B97317FDCFA39411CA2CEA /* Resources */ = {
			isa = PBXGroup;
			children = (
				EF4AD01C12EA22A60058F78E /* SeriesDetail.xib */,
				2899E5210DE3E06400AC0155 /* SearchSeries.xib */,
				28AD733E0D9D9553002E5188 /* MainWindow.xib */,
				8D1107310486CEB800E47090 /* WatchedEpisodes-Info.plist */,
			);
			name = Resources;
			sourceTree = "<group>";
		};
		29B97323FDCFA39411CA2CEA /* Frameworks */ = {
			isa = PBXGroup;
			children = (
				1DF5F4DF0D08C38300B7A737 /* UIKit.framework */,
				1D30AB110D05D00D00671497 /* Foundation.framework */,
				288765A40DF7441C002DB57D /* CoreGraphics.framework */,
			);
			name = Frameworks;
			sourceTree = "<group>";
		};
		EF12EF9D12EC8FE1007E380E /* Model */ = {
			isa = PBXGroup;
			children = (
				EF8D79EE12DA0C380064C5B5 /* SearchSeriesModel.h */,
				EF8D79EF12DA0C380064C5B5 /* SearchSeriesModel.m */,
				EF4AD02412EA23BD0058F78E /* SeriesLoader.h */,
				EF4AD02512EA23BD0058F78E /* SeriesLoader.m */,
				EF12EF9F12EC90C2007E380E /* SeriesBannerLoader.h */,
				EF12EFA012EC90C2007E380E /* SeriesBannerLoader.m */,
			);
			name = Model;
			sourceTree = "<group>";
		};
		EF4AD01912EA220A0058F78E /* SeriesDetailScreen */ = {
			isa = PBXGroup;
			children = (
				EF4AD01A12EA22A60058F78E /* SeriesDetailViewController.h */,
				EF4AD01B12EA22A60058F78E /* SeriesDetailViewController.m */,
			);
			name = SeriesDetailScreen;
			sourceTree = "<group>";
		};
		EF8D76E912D8DEDA0064C5B5 /* Source */ = {
			isa = PBXGroup;
			children = (
				EF8D793312D9F9AA0064C5B5 /* Constants.h */,
				EF8D793412D9F9AA0064C5B5 /* Constants.m */,
				EF8D79D212DA087D0064C5B5 /* ServiceLocator.h */,
				EF8D79D312DA087D0064C5B5 /* ServiceLocator.m */,
				EF8D76EC12D8DEDA0064C5B5 /* WatchedEpisodesAppDelegate.h */,
				EF8D76ED12D8DEDA0064C5B5 /* WatchedEpisodesAppDelegate.m */,
				EFFD079312F0BE7A00F9075B /* NavigationControllerTab.h */,
				EFFD079412F0BE7A00F9075B /* NavigationControllerTab.m */,
				EF8D79C112DA068F0064C5B5 /* SearchScreen */,
				EFFD078C12F0BDDD00F9075B /* FavoritesScreen */,
				EF4AD01912EA220A0058F78E /* SeriesDetailScreen */,
				EF12EF9D12EC8FE1007E380E /* Model */,
				EF8D79A612DA02170064C5B5 /* Communication */,
				EF8D76F312D8DEE40064C5B5 /* Other */,
			);
			path = Source;
			sourceTree = "<group>";
		};
		EF8D76F312D8DEE40064C5B5 /* Other */ = {
			isa = PBXGroup;
			children = (
				EF8D76EA12D8DEDA0064C5B5 /* main.m */,
				EF8D76EB12D8DEDA0064C5B5 /* WatchedEpisodes_Prefix.pch */,
			);
			name = Other;
			sourceTree = "<group>";
		};
		EF8D785E12D933500064C5B5 /* External */ = {
			isa = PBXGroup;
			children = (
				EF8D79D512DA09530064C5B5 /* SynthesizeSingleton.h */,
				EF8D785F12D933500064C5B5 /* NSString+URLEncoding.h */,
				EF8D786012D933500064C5B5 /* NSString+URLEncoding.m */,
				EF8D78EE12D933800064C5B5 /* ProtocolBuffers.xcodeproj */,
				EF8D78FD12D933920064C5B5 /* ProtocolBuffers.h */,
			);
			path = External;
			sourceTree = "<group>";
		};
		EF8D78EF12D933800064C5B5 /* Products */ = {
			isa = PBXGroup;
			children = (
				EF8D78F812D933800064C5B5 /* libProtocolBuffers.a */,
				EF8D78FA12D933800064C5B5 /* UnitTests.octest */,
				EF8D78FC12D933800064C5B5 /* CommandLineTests.app */,
			);
			name = Products;
			sourceTree = "<group>";
		};
		EF8D790212D933AB0064C5B5 /* Generated */ = {
			isa = PBXGroup;
			children = (
				EF4AD02712EA23F10058F78E /* GetSeries.pb.h */,
				EF4AD02812EA23F10058F78E /* GetSeries.pb.m */,
				EF8D790312D933AB0064C5B5 /* SearchSeries.pb.h */,
				EF8D790412D933AB0064C5B5 /* SearchSeries.pb.m */,
			);
			path = Generated;
			sourceTree = "<group>";
		};
		EF8D79A612DA02170064C5B5 /* Communication */ = {
			isa = PBXGroup;
			children = (
				EF8D79B012DA02500064C5B5 /* CommunicationDelegate.h */,
				EF8D79AE12DA02500064C5B5 /* CommunicationAgent.h */,
				EF8D79AF12DA02500064C5B5 /* CommunicationAgent.m */,
				EF8D79B112DA02500064C5B5 /* Request.h */,
				EF8D79B212DA02500064C5B5 /* Request.m */,
			);
			name = Communication;
			sourceTree = "<group>";
		};
		EF8D79C112DA068F0064C5B5 /* SearchScreen */ = {
			isa = PBXGroup;
			children = (
				EF8D76EE12D8DEDA0064C5B5 /* SearchSeriesViewController.h */,
				EF8D76EF12D8DEDA0064C5B5 /* SearchSeriesViewController.m */,
			);
			name = SearchScreen;
			sourceTree = "<group>";
		};
		EFFD078C12F0BDDD00F9075B /* FavoritesScreen */ = {
			isa = PBXGroup;
			children = (
				EFFD078D12F0BE1E00F9075B /* FavoritesViewController.h */,
				EFFD078E12F0BE1E00F9075B /* FavoritesViewController.m */,
			);
			name = FavoritesScreen;
			sourceTree = "<group>";
		};
/* End PBXGroup section */

/* Begin PBXNativeTarget section */
		1D6058900D05DD3D006BFB54 /* WatchedEpisodes */ = {
			isa = PBXNativeTarget;
			buildConfigurationList = 1D6058960D05DD3E006BFB54 /* Build configuration list for PBXNativeTarget "WatchedEpisodes" */;
			buildPhases = (
				1D60588D0D05DD3D006BFB54 /* Resources */,
				1D60588E0D05DD3D006BFB54 /* Sources */,
				1D60588F0D05DD3D006BFB54 /* Frameworks */,
			);
			buildRules = (
			);
			dependencies = (
				EF8D790D12D933F90064C5B5 /* PBXTargetDependency */,
			);
			name = WatchedEpisodes;
			productName = WatchedEpisodes;
			productReference = 1D6058910D05DD3D006BFB54 /* WatchedEpisodes.app */;
			productType = "com.apple.product-type.application";
		};
/* End PBXNativeTarget section */

/* Begin PBXProject section */
		29B97313FDCFA39411CA2CEA /* Project object */ = {
			isa = PBXProject;
			buildConfigurationList = C01FCF4E08A954540054247B /* Build configuration list for PBXProject "WatchedEpisodes" */;
			compatibilityVersion = "Xcode 3.1";
			developmentRegion = English;
			hasScannedForEncodings = 1;
			knownRegions = (
				English,
				Japanese,
				French,
				German,
			);
			mainGroup = 29B97314FDCFA39411CA2CEA /* CustomTemplate */;
			projectDirPath = "";
			projectReferences = (
				{
					ProductGroup = EF8D78EF12D933800064C5B5 /* Products */;
					ProjectRef = EF8D78EE12D933800064C5B5 /* ProtocolBuffers.xcodeproj */;
				},
			);
			projectRoot = "";
			targets = (
				1D6058900D05DD3D006BFB54 /* WatchedEpisodes */,
			);
		};
/* End PBXProject section */

/* Begin PBXReferenceProxy section */
		EF8D78F812D933800064C5B5 /* libProtocolBuffers.a */ = {
			isa = PBXReferenceProxy;
			fileType = archive.ar;
			path = libProtocolBuffers.a;
			remoteRef = EF8D78F712D933800064C5B5 /* PBXContainerItemProxy */;
			sourceTree = BUILT_PRODUCTS_DIR;
		};
		EF8D78FA12D933800064C5B5 /* UnitTests.octest */ = {
			isa = PBXReferenceProxy;
			fileType = wrapper.cfbundle;
			path = UnitTests.octest;
			remoteRef = EF8D78F912D933800064C5B5 /* PBXContainerItemProxy */;
			sourceTree = BUILT_PRODUCTS_DIR;
		};
		EF8D78FC12D933800064C5B5 /* CommandLineTests.app */ = {
			isa = PBXReferenceProxy;
			fileType = wrapper.application;
			path = CommandLineTests.app;
			remoteRef = EF8D78FB12D933800064C5B5 /* PBXContainerItemProxy */;
			sourceTree = BUILT_PRODUCTS_DIR;
		};
/* End PBXReferenceProxy section */

/* Begin PBXResourcesBuildPhase section */
		1D60588D0D05DD3D006BFB54 /* Resources */ = {
			isa = PBXResourcesBuildPhase;
			buildActionMask = 2147483647;
			files = (
				28AD733F0D9D9553002E5188 /* MainWindow.xib in Resources */,
				2899E5220DE3E06400AC0155 /* SearchSeries.xib in Resources */,
				EF4AD01E12EA22A60058F78E /* SeriesDetail.xib in Resources */,
			);
			runOnlyForDeploymentPostprocessing = 0;
		};
/* End PBXResourcesBuildPhase section */

/* Begin PBXSourcesBuildPhase section */
		1D60588E0D05DD3D006BFB54 /* Sources */ = {
			isa = PBXSourcesBuildPhase;
			buildActionMask = 2147483647;
			files = (
				EF8D76F012D8DEDA0064C5B5 /* main.m in Sources */,
				EF8D76F112D8DEDA0064C5B5 /* WatchedEpisodesAppDelegate.m in Sources */,
				EF8D76F212D8DEDA0064C5B5 /* SearchSeriesViewController.m in Sources */,
				EF8D78B912D933500064C5B5 /* NSString+URLEncoding.m in Sources */,
				EF8D790512D933AB0064C5B5 /* SearchSeries.pb.m in Sources */,
				EF8D793512D9F9AA0064C5B5 /* Constants.m in Sources */,
				EF8D79B312DA02500064C5B5 /* CommunicationAgent.m in Sources */,
				EF8D79B412DA02500064C5B5 /* Request.m in Sources */,
				EF8D79D412DA087D0064C5B5 /* ServiceLocator.m in Sources */,
				EF8D79F012DA0C380064C5B5 /* SearchSeriesModel.m in Sources */,
				EF4AD01D12EA22A60058F78E /* SeriesDetailViewController.m in Sources */,
				EF4AD02612EA23BD0058F78E /* SeriesLoader.m in Sources */,
				EF4AD02912EA23F10058F78E /* GetSeries.pb.m in Sources */,
				EF12EFA112EC90C2007E380E /* SeriesBannerLoader.m in Sources */,
				EFFD078F12F0BE1E00F9075B /* FavoritesViewController.m in Sources */,
				EFFD079512F0BE7A00F9075B /* NavigationControllerTab.m in Sources */,
			);
			runOnlyForDeploymentPostprocessing = 0;
		};
/* End PBXSourcesBuildPhase section */

/* Begin PBXTargetDependency section */
		EF8D790D12D933F90064C5B5 /* PBXTargetDependency */ = {
			isa = PBXTargetDependency;
			name = ProtocolBuffers;
			targetProxy = EF8D790C12D933F90064C5B5 /* PBXContainerItemProxy */;
		};
/* End PBXTargetDependency section */

/* Begin XCBuildConfiguration section */
		1D6058940D05DD3E006BFB54 /* Debug */ = {
			isa = XCBuildConfiguration;
			buildSettings = {
				ALWAYS_SEARCH_USER_PATHS = NO;
				COPY_PHASE_STRIP = NO;
				GCC_DYNAMIC_NO_PIC = NO;
				GCC_OPTIMIZATION_LEVEL = 0;
				GCC_PRECOMPILE_PREFIX_HEADER = YES;
				GCC_PREFIX_HEADER = Source/WatchedEpisodes_Prefix.pch;
				GCC_VERSION = com.apple.compilers.llvm.clang.1_0;
				INFOPLIST_FILE = "WatchedEpisodes-Info.plist";
				PRODUCT_NAME = WatchedEpisodes;
			};
			name = Debug;
		};
		1D6058950D05DD3E006BFB54 /* Release */ = {
			isa = XCBuildConfiguration;
			buildSettings = {
				ALWAYS_SEARCH_USER_PATHS = NO;
				COPY_PHASE_STRIP = YES;
				GCC_PRECOMPILE_PREFIX_HEADER = YES;
				GCC_PREFIX_HEADER = Source/WatchedEpisodes_Prefix.pch;
				GCC_VERSION = com.apple.compilers.llvm.clang.1_0;
				INFOPLIST_FILE = "WatchedEpisodes-Info.plist";
				PRODUCT_NAME = WatchedEpisodes;
				VALIDATE_PRODUCT = YES;
			};
			name = Release;
		};
		C01FCF4F08A954540054247B /* Debug */ = {
			isa = XCBuildConfiguration;
			buildSettings = {
				ARCHS = "$(ARCHS_STANDARD_32_BIT)";
				"CODE_SIGN_IDENTITY[sdk=iphoneos*]" = "iPhone Developer";
				GCC_C_LANGUAGE_STANDARD = c99;
				GCC_WARN_ABOUT_RETURN_TYPE = YES;
				GCC_WARN_UNUSED_VARIABLE = YES;
				PREBINDING = NO;
				SDKROOT = iphoneos;
			};
			name = Debug;
		};
		C01FCF5008A954540054247B /* Release */ = {
			isa = XCBuildConfiguration;
			buildSettings = {
				ARCHS = "$(ARCHS_STANDARD_32_BIT)";
				"CODE_SIGN_IDENTITY[sdk=iphoneos*]" = "iPhone Developer";
				GCC_C_LANGUAGE_STANDARD = c99;
				GCC_WARN_ABOUT_RETURN_TYPE = YES;
				GCC_WARN_UNUSED_VARIABLE = YES;
				OTHER_CFLAGS = "-DNS_BLOCK_ASSERTIONS=1";
				PREBINDING = NO;
				SDKROOT = iphoneos;
			};
			name = Release;
		};
/* End XCBuildConfiguration section */

/* Begin XCConfigurationList section */
		1D6058960D05DD3E006BFB54 /* Build configuration list for PBXNativeTarget "WatchedEpisodes" */ = {
			isa = XCConfigurationList;
			buildConfigurations = (
				1D6058940D05DD3E006BFB54 /* Debug */,
				1D6058950D05DD3E006BFB54 /* Release */,
			);
			defaultConfigurationIsVisible = 0;
			defaultConfigurationName = Release;
		};
		C01FCF4E08A954540054247B /* Build configuration list for PBXProject "WatchedEpisodes" */ = {
			isa = XCConfigurationList;
			buildConfigurations = (
				C01FCF4F08A954540054247B /* Debug */,
				C01FCF5008A954540054247B /* Release */,
			);
			defaultConfigurationIsVisible = 0;
			defaultConfigurationName = Release;
		};
/* End XCConfigurationList section */
	};
	rootObject = 29B97313FDCFA39411CA2CEA /* Project object */;
}
